        "neuronpedia-inference-client": "^1.4.0",
      "version": "1.6.2",
      "resolved": "https://registry.npmjs.org/neuronpedia-inference-client/-/neuronpedia-inference-client-1.6.2.tgz",
      "integrity": "sha512-7FRTA/QjHgdIWftLcCfci6BgNFtH5lvvc8QEXEXr2JKjAc6kqrWzL+L4AISlQslkCKd3bmm/gvy6Iudp50HHYQ=="
